# This file was autogenerated by uv via the following command:
#    uv pip compile pyproject.toml --universal --generate-hashes --python-version 3.12 -o requirements.lock
cffi==2.1.1 ; platform_python_implementation != 'PyPy' \
    --hash=sha256:046bfc24911b37851ee1b51aab8bffe713d89c68c6a057b09484ce9fd5f69b4e \
    --hash=sha256:06c72bb76605a4b0cd0aad6930b69d4baf7dd5d806cfc409b824191099700e66 \
    --hash=sha256:0beceaabe56af686895136a2de78db54ecd8e4046b236b8fd6d6cb61389e9bf2 \
    --hash=sha256:154852545011f779917b11c78db2358d095da62a9a172b78ad0a583ee5adc0d0 \
    --hash=sha256:194cffa889098ced9976c3fc6340305e43f6303657d298da55366907c05c22d6 \
    --hash=sha256:19ee6127ee34de7d83ce3d371ebc5ed91addbdcc39f9ab15ce4eb35a4e534971 \
    --hash=sha256:1a18a57b58cfb21fc28d72e876acf10eaed67a1ed96226f92af4df681d571c4c \
    --hash=sha256:1aa5645c30469b09530c4ebca77ebf8f17618293c58f8549cb1a543a50236e7d \
    --hash=sha256:1dea0e4d7d4f11f619fe8c1d76caf49e24405b4b5743c0e3be16a500ecd930c9 \
    --hash=sha256:208f941bb9d18e768138677f0a6d2ce01f590df56043dda1df1535ac57c88517 \
    --hash=sha256:210019b6c7cf07f081b4c54635c8cf744377001350e29cc0f81c4377b4797735 \
    --hash=sha256:246fa40ce8645a614ff682e0b70f37134e460eaf93a775e0cbe3cca585a67a80 \
    --hash=sha256:25792eac27877609e7bb06d42ff88278a6624fff2ba9bbb523c09616b117e80f \
    --hash=sha256:27350daa11d4f10c540e6e89dada4c54feb7256ad03e9a4dc075ebad7ba360d1 \
    --hash=sha256:28907ab9bfb6aa13184cfc17c6b8e1023c5ab6fd7076d8c20a35e59fe04f8f29 \
    --hash=sha256:2ae64be792b8966f2c69538199728b290e34726562896df1e5dc8ffd8d8188e8 \
    --hash=sha256:31348097ff5bbe827ccc41795d4dd099d9f0625e7def00ee653c137a490c2a6c \
    --hash=sha256:3143d81e29e1e20a9ce10901ec369012947876596f75a222235965f2b7ae832e \
    --hash=sha256:3222ba5d678f80a030e6afbcc33dc1ae5cb45facabb61cee2c7016b8432fde48 \
    --hash=sha256:3311ed60d36f83378794e1009ac6258bafbf81f7888b4caa7b35a521e3f95813 \
    --hash=sha256:334644fbac4eff73d985a17a91226df55d0f394160c4cfb880e084c8f7161cac \
    --hash=sha256:34e261f78cb6ceaaa36f42f2613f4380d94d9c759a9c73c769ee6e0247364632 \
    --hash=sha256:363e05fa78e15116c3c32c210ee36884fd6b9afa6d440e47112c3bd511d64cb6 \
    --hash=sha256:398aff33cee2767e3e781d2554c54bd0dff386bb437581e0d8011fde1a942ec1 \
    --hash=sha256:3d22a20b1fb1632cc72c22f95f7b0d2961c3e1c235f245ba4c606c4771035659 \
    --hash=sha256:42a494cee34437f05546455144f2b5d9ac09b1face62bcfce597d2e521066688 \
    --hash=sha256:42e2f76b9455f5a9a844f770bf3e200ed3da0e15f5df3db9c31fe80b04b3d004 \
    --hash=sha256:42f6930c31dc7f50732c9ae793c2786c7b6b044195967bbdde40bb9be81c4cc0 \
    --hash=sha256:456a61fa52d579ebf9df2e9552ead5129855dbaff6c1e5a9b1bc408809bdc062 \
    --hash=sha256:471cee653ae88de62096552e6d24ccb4a5adb8c8c9f10b5054d0122c15bf2779 \
    --hash=sha256:49cbc70e6542d4ccccb936558d1064a8012541e78f821f955cff24e357776c94 \
    --hash=sha256:4a7c934f7360e8cd64fe9efadcbd10c7c6364f531e432b9a4bf5ccbc9e0e8b50 \
    --hash=sha256:4be96343e422f2dfcd12ab5c9f5aebe03f82f737c6bffeca6830b3875cb44aab \
    --hash=sha256:4f42141fc14250de6dde5ee7ea4432be017252d91f19c5ad043c084cea629cac \
    --hash=sha256:507a24c282e0f42f8ed737cf048572cbf580468da5555764a8331735e9c736b6 \
    --hash=sha256:51b31d1c98274844cfd7838ce00bfc27c7423a4dc00fc0772fc3331c2cc90676 \
    --hash=sha256:58acb8ab8e295e6c5ea12f888cbb13cf21511ef2a3303a23f4325c29d17fe5c1 \
    --hash=sha256:5a59cc1c4442bc3d5c703bf720b51138d0bfc173618807c9ee2490a7541dd3d9 \
    --hash=sha256:5bb4e7ea95dcd6a014a6fef62e62467d67d8e582326443f3d68e71d6320a9fcf \
    --hash=sha256:5c58fe613dc5e5336357eff555824a314d8e43282600435c8d1cb6a7a2fedd13 \
    --hash=sha256:5e7cecbaadb83884793e05828cee59b210b24583b9c7425d0ba6a754fe22eb4e \
    --hash=sha256:616f097f2fe415bc92a247f02e11f634e1f9e9a83d327e3c915c15089c87869e \
    --hash=sha256:63bbfd5ded17c4840ac07cd8f1c21ba9d9708141f840b324f422f41b207e3973 \
    --hash=sha256:64faea20f4e2613363a1a9b9c7dd73058f3ecd00133a511e72ad7c511658f527 \
    --hash=sha256:661c298b4821edebead0c91edd2b00374d67ad7c5a1f7a91d4442633b79d6a72 \
    --hash=sha256:68e62fe11f30d5ca8289242866f0a5291402d8529ca2178ab8afc5c9694ae890 \
    --hash=sha256:6a8dddef476fab96d066d578fc88526767b836ab5ab21754e1d5bf3879c31c7c \
    --hash=sha256:6e192623c49c94421616a5778fba35cf0d5a8d000650c1967ef4448ee5cdd990 \
    --hash=sha256:7225e4514edb64eb6740324353e0da0711954fd8d7da4576755b1c6e09b697cd \
    --hash=sha256:75f80557d1389eddbd0de2681f6a390a0c5338c31ddaa821381c203fc3fd50d9 \
    --hash=sha256:770de9db11e84213beec501cfcaa013b019820ca881e03344dea5844f7876d94 \
    --hash=sha256:7750c6449dff7864bb9bb27ddfb0267756189201a3afc911d82b3caacd70dfc3 \
    --hash=sha256:7bde5e4cc5c10140859842b9d383af292b22639a4dffb725314baf45968cef80 \
    --hash=sha256:7ce713ace7c0e4520535b42b77eaa742c16dab813978064913e5a3cf82973b41 \
    --hash=sha256:7da0c5eff80f0197f3b3d1232ec5a682a9325f4ae9016a78f5f5ca35f9ced1f5 \
    --hash=sha256:7dbb61fe3a7699468030f71bbe5f8a0e326a151daa91beb11a6fc1f980c55e1c \
    --hash=sha256:811bd1e21d32de12efca32393a0ab3f5133b54fce9bd44b8bd77ab07da14bf6a \
    --hash=sha256:8ef53b2de9bcb9197d31854256575d59dbac0cba72ac627bb291ef5eceb74be4 \
    --hash=sha256:937c0052c05a31ca1daf18de3158eed4dbfcb9cc107adbea227728d647be701e \
    --hash=sha256:9d2055050ea716bd38b7f7f1579c275386646b4894c155a3e2f3cd62ed41b7c6 \
    --hash=sha256:9f8d177621de5cb38ee3e731eda45d421db093ec0739f46a5594babda7987a98 \
    --hash=sha256:a2d7755bef5a12ed488f4ef1f1b69ee9191d7396083b755a5d2295f6edb4768b \
    --hash=sha256:a48d62ab9d6f4f98c983223a547af44be6ca3691074c31cecced6facd3ba2dc1 \
    --hash=sha256:a4f00aa42f75d6e4595e8866e748cc1705adc0cddfeb2ca86d0d03993d63ba03 \
    --hash=sha256:a6e721d4b0e45d5b65e87534470e67b18dcd092c83f68fba09f152b9cbc061af \
    --hash=sha256:a730a083190634c65cca36ba5f489531576ebd79bcd5c8e172130f6453127231 \
    --hash=sha256:a931079504ecc49efed7744c476a5c343a92fabf66dec2db95edb1b2fdc770e2 \
    --hash=sha256:aa9511c62d14da7aacc9b4bf51f3f697a621e83b2d6919008243c3aad168eea3 \
    --hash=sha256:ab36d55f9ed2d067327667c2fea18dda018eb628dd6347aa01dda6cf1f5d3836 \
    --hash=sha256:ad2c86c495b899d862ea0f4b42891b8713a3bd45dd4105c7fd51c2a72f39f3a5 \
    --hash=sha256:aeae0e330c9f6acd681f647d46cefd30c29f93e3392882e792e82080c9691399 \
    --hash=sha256:b0431303acaea1089ad4b3e9ce4e6518193def1118d4073ca848635ee4ea2e96 \
    --hash=sha256:b5bdfd1c873d4e093aabc0ca84c4ca6dbc4f752afb5c86f146d9742580c9da2e \
    --hash=sha256:baed1e86cc735622097354b9d1281406caf42ff42a886d29faa8e8d1630333be \
    --hash=sha256:c1453022f490d2459a11819d83ad1d586e9ff65a12ac3e705ffebd46d3685dcf \
    --hash=sha256:c26608d2222fb1e94487e4a387d85f13eb55d5ed725cb25a0c589ac4ee60e7bc \
    --hash=sha256:c7659f22557c5a0bc4855cd635f55edec690cc008a40768527762cb9fb263455 \
    --hash=sha256:c8c69575568085ba0b1b10c0249d779a214aea6f6522e949a0fc9fb0fcb449d0 \
    --hash=sha256:c8d2c9fd1f2d16f780d15127abb050d13d1a76c03a4bd87d7e4980e45e511e12 \
    --hash=sha256:ca82be1a1d406ecfe1d25dc16cb33488e5a16bf4438c9fb590484ea29d92478b \
    --hash=sha256:cc572dace3f60ef98d7b12ff411d20f5362feb31a0439eab0085bbfd349982d7 \
    --hash=sha256:d18e5ac0f2f03f4f518d3e23db0f0cad7faa1da8620e9c09461d443bbf6e6692 \
    --hash=sha256:d28630f5854ab07ab1fd4aba756de52326c82e6be15d414b12793f1975048b54 \
    --hash=sha256:d9c275eaacd24aa73f94ffd6de08fc3f932424d8b6c376f4bed7cde376fe7bc3 \
    --hash=sha256:da0e573f9f97159390c89d9f1a9e41908b66d408cc5b58d08cf3847d844c531b \
    --hash=sha256:dd31f52ea1086513bb9df30f8fcee9b8918323ae067a3d5b78bc826a000712be \
    --hash=sha256:dddad92b554513a31f272570678ba307fb9f618f05e3d4a5eacafff9eae03e1d \
    --hash=sha256:df423d40ee8654634421812bc3b196da3f9bd7d32929da813f8394c4348a5358 \
    --hash=sha256:df913725b79db7bcf03448f36b7bf8815363417d5b58deecf9305e3e30f0f21a \
    --hash=sha256:e0bcb7e0f677f543555d2adff3bf19c05f66cdb4796e5ff602442ab2fe3c4ef7 \
    --hash=sha256:e2d65b31f36619cda3999b78b2aa9632e76b78448e7a56fc4240824200e7c4fc \
    --hash=sha256:e6e8cff14d6fb0be70a09c0bdc58096f501952d04624ebf867e0e56da2df8960 \
    --hash=sha256:f16c709686a78c727bbbf059f92b0bf41c6fc60deec706d2dc19f529175a6125 \
    --hash=sha256:f24fb43132a4c6b4cb4eb029492919b2db645be6808d738f244fd146c03c32cb \
    --hash=sha256:f53e442b08449d42821fa4a4fba000095af9f62742a500f978a9f557ec44339a \
    --hash=sha256:f5cfbc5fe74540d335175b656c725d74d90e3730c626d92575eea35029d9afaa \
    --hash=sha256:f81b3b8f3d4e343550fa4baa0e479bba9f2d29ce9c2e9b51d1ce1718d7442fcf \
    --hash=sha256:f8ec5e643a9a937f64e1999eb9f75d072263751912dc5cd06d3c85f8f44be7c3 \
    --hash=sha256:fb92203a88b3d3053034db775110081c49d28be6551923805e039924093761e4 \
    --hash=sha256:fcd22650c908d7b7da162bbfaab594a1227a15d1643a98c68b122ac642fa2264
    # via cryptography
cmeel==0.61.0 \
    --hash=sha256:5fe70c905da45cca02575b37b37f22750eee81b36d288e2fc6231c31a6cf4b35 \
    --hash=sha256:924f04ac525c1e2c4c42963b3a18a423926d019f81a683dfbab18143721963a8
    # via rocketsim
cryptography==50.0.2 \
    --hash=sha256:0ddc924c04591c2811ca024d62ecad4f7f6f08af8939c211438f48a16bd23602 \
    --hash=sha256:0ec5f09541743261e66e291b4a0cbf0fb2997aeaab6d9e9c740b9dba1b58d1c2 \
    --hash=sha256:0ecbc5652bdb6fc9eaf89a7d196e20941adfe812f43bc4ca05d9150496821047 \
    --hash=sha256:1981f1db4630889b9ef7803fadef12b056f428cb6b85c27ba57b774793b6093c \
    --hash=sha256:1ba34f04897fcdaa73f74145c25f3ec146fbd56593853e88adc2e811303c5f42 \
    --hash=sha256:241449bf940a5d27309bd317e6f9a2af6932113818bb2b8f5c59ddc7ef16da18 \
    --hash=sha256:25784ce8b9621c90c643efb9e1e2162ab3b0224cae446ad5e70e7fcb1ce18b51 \
    --hash=sha256:3dc4fd8058cea1644971207d530e1a03a184a805ffc8ebdddf0599d78a331b81 \
    --hash=sha256:4061c0079120205fb760c58acab6443e217307dcf05e3702cf970e0689972856 \
    --hash=sha256:4a20ce1e5cb4284a86692fdcba7cb8754185c6b2e5c56fcef3751cf451d3cdc2 \
    --hash=sha256:4e81d95e5bafc2d6e34e4bed780e53e4d5b9a2f928573428aa4d35fbec1eb0de \
    --hash=sha256:58a0c478eeca76fe5e07993c5a0703def34a6dc6a0cda4f5564639b33112ffe7 \
    --hash=sha256:58ddb5a8e3179d12f19e4ea34d2d32e9d63a4baa142c875c1eb59f41b7243acd \
    --hash=sha256:630ebfea3bf689d075f82316324ff7433dc447fe6bc1bfc76524b74b4a9567d2 \
    --hash=sha256:6f8700550aa1474a91e5dc07049c46f98b423b5b1ddd0483e0b51362eeeaf5be \
    --hash=sha256:78198641e5be9521beea5aa782bb551a58068d10e6eb04c9c680c1b69f2e7d45 \
    --hash=sha256:79def8d059362e7831389ed3be0ecdf58a89386e1271e35dd9f5af84e81bffd0 \
    --hash=sha256:7a8701d6b584d76e909e3d305b7d126b41439876a5aaf76cddc67fc230eafa2e \
    --hash=sha256:7afa5a6602a9f29af1f3a2965f831bae7c9d5d597b7cbb716d41ab3b7d89879c \
    --hash=sha256:7b46165bb56eb4704e2eaaf86f3c940d19154535d9b0ca7d6d590b04060e00d5 \
    --hash=sha256:7b75de3c8b3be1cdb1052747c929440c3eea46c1bc2cb8a6e3a48388e9b7b452 \
    --hash=sha256:7c6d0330c472d96f6a6afe24d80dfdf15176c33096f0a4397ae4c60f3dd3be48 \
    --hash=sha256:828d49b0ff5a0e3975865571c5d91dbbdd0d38d8289b249a163e9425413a5e05 \
    --hash=sha256:84f964e537f916e2cc85199e5a88742e964939b575ac8598b3f9d6cc416cdaf1 \
    --hash=sha256:85d0d9a31b9098e98534226d5686b47264b95e62ce459dc2e62fdfc809f9fe93 \
    --hash=sha256:87e9ce85beb6b328ba370cc6e6aea483c92617b4c95b1d33a49297eb662bfb04 \
    --hash=sha256:8c71ba2cd31fc93748c38e1b613200ff1c2665cbfd5341fe3a61cfde35a1430e \
    --hash=sha256:92e665960f25fcdc73725b9cec7a3824f279ba97a98653afe9ffac2e43668f67 \
    --hash=sha256:94e5e9f108ee10471288214d3d233fbfbb492840a8457eb85178d643ddeb32c7 \
    --hash=sha256:9c8402a82ea0dc4ceeab793db05f0fafa8ca139ca34fcde5df0f596103c74107 \
    --hash=sha256:9dab55f57c74c3cad24c323bacbbd04be4705ba6eb0d92e920b1fc4837ed5079 \
    --hash=sha256:a582ab2ae1d34f67112cadc86702774c9ea4374df6bca6afe672817203c99134 \
    --hash=sha256:a6557e5f38e065ca9fbdaf7cfc7435ecb1d113aa81a022d1b51921ee7432e227 \
    --hash=sha256:a9f7355e6fab51f6c369b86fb7571cffa05edee2c2121e0380a37fb9ac1cd5c1 \
    --hash=sha256:ab50ee449bf968271e820086f10a33d101dd060370abc10bcd22279be2656539 \
    --hash=sha256:ac9ed99d81760c62fe89d5f0815cdfa1ba9a35141cf30f1c2d044f04b4803d2e \
    --hash=sha256:b13478603dcd0a2479ff8e87e2c19a7d525734686fe3c49542472293a204212d \
    --hash=sha256:c423ab384a46c4dff7217b2ea5ba2e11cffdeab6441acd04cf65a369caf0366c \
    --hash=sha256:c5e67125c7dca78d199ec4e116aa93dbb83494808ecbb8211a2cb09b1bf41dbd \
    --hash=sha256:c71be1cbfa5cd9a41ee452acf1eccd82b2c05950358b106ec8ceb83411d1a020 \
    --hash=sha256:cbc8738fd8526d80f35cb3a40d41f41a2e7030bb3b18b09a6778ef63d291c2fd \
    --hash=sha256:ce47f66801c20ec6c6632453bb5960fe38939e9306970b48b3a5a26de7745d94 \
    --hash=sha256:d370b8d1dfcdf7130178137f6fbee6140774a1acc6cacefc4b42643ec11d0a3a \
    --hash=sha256:d38cdff612d06fa6a32840d5e1b1f7a27cee4a349aa9085d94a67789d6bfd408 \
    --hash=sha256:d8947001be83df1394050758ce0e745dd74fb134eef0a4b5124208dfc3a68c37 \
    --hash=sha256:deb9fde5c60e437ee4821bc9bc39ff31b42135c27e1dc61ef0a629389c1de62e \
    --hash=sha256:dfe9763530994147d9af1def057a5b9658b00e8f8fe8743d144d1e0911c2e454 \
    --hash=sha256:e105ab60406787da31fccc883fc0f733af1efd78f0136a4599692c4083a73d0c \
    --hash=sha256:e275096ea1e60cc595cda2836fd4a6c725d1125108b868be17f53684d164e2cc \
    --hash=sha256:edc3342adf8f697fc5f59c887a304356f147b397809440ed64e2fa6af2f50f37 \
    --hash=sha256:ee247f5c245c9a2fe7c8e2214e295918838e44e00a45a6718451e4004219e767 \
    --hash=sha256:eef4c2f3423810b3070ab391f85436d2f8bbfcb286ac15cbc73190b3563b1f1a \
    --hash=sha256:f21e8a22c8605750c7af886bab299a363721264061b4ac0a30efb73cfd58efc5 \
    --hash=sha256:f265528741e048bce55c3463ed721fb0aa45a5888d8add8cfeccb3035451bbdc \
    --hash=sha256:f2f9bd7f90c64fe89253f0a2c05e3c4856072660429ce8831b4235bf29403a67 \
    --hash=sha256:f785f6161f202ab04d8ca194158968798e480ca058943907972da5f12e2881e8 \
    --hash=sha256:f9f6143a8c75945eb960d9eb98905a441394abfa24afaae239d514ffb2586480 \
    --hash=sha256:fa8f5efb344d6908a1ce62f4a24e2e5780f825d6f53f5f50ec5ffacac72936cb \
    --hash=sha256:fdd28f912fccfec1846a94e2e1e8f9b0012f557f0c46fe4f3eb0d7a87afcf90b
    # via boost-arena (pyproject.toml)
flatbuffers==25.12.19 \
    --hash=sha256:7634f50c427838bb021c2d66a3d1168e9d199b0607e6329399f04846d42e20b4
    # via onnxruntime
ml-dtypes==0.4.1 ; python_full_version >= '3.13' \
    --hash=sha256:126e7d679b8676d1a958f2651949fbfa182832c3cd08020d8facd94e4114f3e9 \
    --hash=sha256:15fdd922fea57e493844e5abb930b9c0bd0af217d9edd3724479fc3d7ce70e3f \
    --hash=sha256:1fe8b5b5e70cd67211db94b05cfd58dace592f24489b038dc6f9fe347d2e07d5 \
    --hash=sha256:274cc7193dd73b35fb26bef6c5d40ae3eb258359ee71cd82f6e96a8c948bdaa6 \
    --hash=sha256:2d55b588116a7085d6e074cf0cdb1d6fa3875c059dddc4d2c94a4cc81c23e975 \
    --hash=sha256:560be16dc1e3bdf7c087eb727e2cf9c0e6a3d87e9f415079d2491cc419b3ebf5 \
    --hash=sha256:74c6cfb5cf78535b103fde9ea3ded8e9f16f75bc07789054edc7776abfb3d752 \
    --hash=sha256:772426b08a6172a891274d581ce58ea2789cc8abc1c002a27223f314aaf894e7 \
    --hash=sha256:827d3ca2097085cf0355f8fdf092b888890bb1b1455f52801a2d7756f056f54b \
    --hash=sha256:8c09a6d11d8475c2a9fd2bc0695628aec105f97cab3b3a3fb7c9660348ff7d24 \
    --hash=sha256:9f5e8f75fa371020dd30f9196e7d73babae2abd51cf59bdd56cb4f8de7e13354 \
    --hash=sha256:ad0b757d445a20df39035c4cdeed457ec8b60d236020d2560dbc25887533cf50 \
    --hash=sha256:df0fb650d5c582a9e72bb5bd96cfebb2cdb889d89daff621c8fbc60295eba66c \
    --hash=sha256:e138a9b7a48079c900ea969341a5754019a1ad17ae27ee330f7ebf43f23877f9 \
    --hash=sha256:e35e486e97aee577d0890bc3bd9e9f9eece50c08c163304008587ec8cfe7575b \
    --hash=sha256:ef0d7e3fece227b49b544fa69e50e607ac20948f0043e9f76b44f35f229ea450 \
    --hash=sha256:fad5f2de464fd09127e49b7fd1252b9006fb43d2edc1ff112d390c324af5ca7a
    # via onnx
ml-dtypes==0.5.4 ; python_full_version < '3.13' \
    --hash=sha256:0d2ffd05a2575b1519dc928c0b93c06339eb67173ff53acb00724502cda231cf \
    --hash=sha256:11942cbf2cf92157db91e5022633c0d9474d4dfd813a909383bd23ce828a4b7d \
    --hash=sha256:14a4fd3228af936461db66faccef6e4f41c1d82fcc30e9f8d58a08916b1d811f \
    --hash=sha256:19b9a53598f21e453ea2fbda8aa783c20faff8e1eeb0d7ab899309a0053f1483 \
    --hash=sha256:2314892cdc3fcf05e373d76d72aaa15fda9fb98625effa73c1d646f331fcecb7 \
    --hash=sha256:2b857d3af6ac0d39db1de7c706e69c7f9791627209c3d6dedbfca8c7e5faec22 \
    --hash=sha256:304ad47faa395415b9ccbcc06a0350800bc50eda70f0e45326796e27c62f18b6 \
    --hash=sha256:35f29491a3e478407f7047b8a4834e4640a77d2737e0b294d049746507af5175 \
    --hash=sha256:388d399a2152dd79a3f0456a952284a99ee5c93d3e2f8dfe25977511e0515270 \
    --hash=sha256:3bbbe120b915090d9dd1375e4684dd17a20a2491ef25d640a908281da85e73f1 \
    --hash=sha256:3d277bf3637f2a62176f4575512e9ff9ef51d00e39626d9fe4a161992f355af2 \
    --hash=sha256:4381fe2f2452a2d7589689693d3162e876b3ddb0a832cde7a414f8e1adf7eab1 \
    --hash=sha256:4ff7f3e7ca2972e7de850e7b8fcbb355304271e2933dd90814c1cb847414d6e2 \
    --hash=sha256:531eff30e4d368cb6255bc2328d070e35836aa4f282a0fb5f3a0cd7260257298 \
    --hash=sha256:533ce891ba774eabf607172254f2e7260ba5f57bdd64030c9a4fcfbd99815d0d \
    --hash=sha256:557a31a390b7e9439056644cb80ed0735a6e3e3bb09d67fd5687e4b04238d1de \
    --hash=sha256:5a0f68ca8fd8d16583dfa7793973feb86f2fbb56ce3966daf9c9f748f52a2049 \
    --hash=sha256:6a0df4223b514d799b8a1629c65ddc351b3efa833ccf7f8ea0cf654a61d1e35d \
    --hash=sha256:6c7ecb74c4bd71db68a6bea1edf8da8c34f3d9fe218f038814fd1d310ac76c90 \
    --hash=sha256:7c23c54a00ae43edf48d44066a7ec31e05fdc2eee0be2b8b50dd1903a1db94bb \
    --hash=sha256:805cef3a38f4eafae3a5bf9ebdcdb741d0bcfd9e1bd90eb54abd24f928cd2465 \
    --hash=sha256:88c982aac7cb1cbe8cbb4e7f253072b1df872701fcaf48d84ffbb433b6568f24 \
    --hash=sha256:8ab06a50fb9bf9666dd0fe5dfb4676fa2b0ac0f31ecff72a6c3af8e22c063453 \
    --hash=sha256:8c6a2dcebd6f3903e05d51960a8058d6e131fe69f952a5397e5dbabc841b6d56 \
    --hash=sha256:8c760d85a2f82e2bed75867079188c9d18dae2ee77c25a54d60e9cc79be1bc48 \
    --hash=sha256:9ad459e99793fa6e13bd5b7e6792c8f9190b4e5a1b45c63aba14a4d0a7f1d5ff \
    --hash=sha256:9bad06436568442575beb2d03389aa7456c690a5b05892c471215bfd8cf39460 \
    --hash=sha256:a174837a64f5b16cab6f368171a1a03a27936b31699d167684073ff1c4237dac \
    --hash=sha256:a7f7c643e8b1320fd958bf098aa7ecf70623a42ec5154e3be3be673f4c34d900 \
    --hash=sha256:a9b61c19040397970d18d7737375cffd83b1f36a11dd4ad19f83a016f736c3ef \
    --hash=sha256:b4b801ebe0b477be666696bda493a9be8356f1f0057a57f1e35cd26928823e5a \
    --hash=sha256:b95e97e470fe60ed493fd9ae3911d8da4ebac16bd21f87ffa2b7c588bf22ea2c \
    --hash=sha256:bc11d7e8c44a65115d05e2ab9989d1e045125d7be8e05a071a48bc76eb6d6040 \
    --hash=sha256:bfc534409c5d4b0bf945af29e5d0ab075eae9eecbb549ff8a29280db822f34f9 \
    --hash=sha256:c1a953995cccb9e25a4ae19e34316671e4e2edaebe4cf538229b1fc7109087b7 \
    --hash=sha256:cb73dccfc991691c444acc8c0012bee8f2470da826a92e3a20bb333b1a7894e6 \
    --hash=sha256:ce756d3a10d0c4067172804c9cc276ba9cc0ff47af9078ad439b075d1abdc29b \
    --hash=sha256:d81fdb088defa30eb37bf390bb7dde35d3a83ec112ac8e33d75ab28cc29dd8b0 \
    --hash=sha256:f21c9219ef48ca5ee78402d5cc831bd58ea27ce89beda894428bc67a52da5328
    # via onnx
numpy==1.26.4 \
    --hash=sha256:03a8c78d01d9781b28a6989f6fa1bb2c4f2d51201cf99d3dd875df6fbd96b23b \
    --hash=sha256:08beddf13648eb95f8d867350f6a018a4be2e5ad54c8d8caed89ebca558b2818 \
    --hash=sha256:1af303d6b2210eb850fcf03064d364652b7120803a0b872f5211f5234b399f20 \
    --hash=sha256:1dda2e7b4ec9dd512f84935c5f126c8bd8b9f2fc001e9f54af255e8c5f16b0e0 \
    --hash=sha256:2a02aba9ed12e4ac4eb3ea9421c420301a0c6460d9830d74a9df87efa4912010 \
    --hash=sha256:2e4ee3380d6de9c9ec04745830fd9e2eccb3e6cf790d39d7b98ffd19b0dd754a \
    --hash=sha256:3373d5d70a5fe74a2c1bb6d2cfd9609ecf686d47a2d7b1d37a8f3b6bf6003aea \
    --hash=sha256:47711010ad8555514b434df65f7d7b076bb8261df1ca9bb78f53d3b2db02e95c \
    --hash=sha256:4c66707fabe114439db9068ee468c26bbdf909cac0fb58686a42a24de1760c71 \
    --hash=sha256:50193e430acfc1346175fcbdaa28ffec49947a06918b7b92130744e81e640110 \
    --hash=sha256:52b8b60467cd7dd1e9ed082188b4e6bb35aa5cdd01777621a1658910745b90be \
    --hash=sha256:60dedbb91afcbfdc9bc0b1f3f402804070deed7392c23eb7a7f07fa857868e8a \
    --hash=sha256:62b8e4b1e28009ef2846b4c7852046736bab361f7aeadeb6a5b89ebec3c7055a \
    --hash=sha256:666dbfb6ec68962c033a450943ded891bed2d54e6755e35e5835d63f4f6931d5 \
    --hash=sha256:675d61ffbfa78604709862923189bad94014bef562cc35cf61d3a07bba02a7ed \
    --hash=sha256:679b0076f67ecc0138fd2ede3a8fd196dddc2ad3254069bcb9faf9a79b1cebcd \
    --hash=sha256:7349ab0fa0c429c82442a27a9673fc802ffdb7c7775fad780226cb234965e53c \
    --hash=sha256:7ab55401287bfec946ced39700c053796e7cc0e3acbef09993a9ad2adba6ca6e \
    --hash=sha256:7e50d0a0cc3189f9cb0aeb3a6a6af18c16f59f004b866cd2be1c14b36134a4a0 \
    --hash=sha256:95a7476c59002f2f6c590b9b7b998306fba6a5aa646b1e22ddfeaf8f78c3a29c \
    --hash=sha256:96ff0b2ad353d8f990b63294c8986f1ec3cb19d749234014f4e7eb0112ceba5a \
    --hash=sha256:9fad7dcb1aac3c7f0584a5a8133e3a43eeb2fe127f47e3632d43d677c66c102b \
    --hash=sha256:9ff0f4f29c51e2803569d7a51c2304de5554655a60c5d776e35b4a41413830d0 \
    --hash=sha256:a354325ee03388678242a4d7ebcd08b5c727033fcff3b2f536aea978e15ee9e6 \
    --hash=sha256:a4abb4f9001ad2858e7ac189089c42178fcce737e4169dc61321660f1a96c7d2 \
    --hash=sha256:ab47dbe5cc8210f55aa58e4805fe224dac469cde56b9f731a4c098b91917159a \
    --hash=sha256:afedb719a9dcfc7eaf2287b839d8198e06dcd4cb5d276a3df279231138e83d30 \
    --hash=sha256:b3ce300f3644fb06443ee2222c2201dd3a89ea6040541412b8fa189341847218 \
    --hash=sha256:b97fe8060236edf3662adfc2c633f56a08ae30560c56310562cb4f95500022d5 \
    --hash=sha256:bfe25acf8b437eb2a8b2d49d443800a5f18508cd811fea3181723922a8a82b07 \
    --hash=sha256:cd25bcecc4974d09257ffcd1f098ee778f7834c3ad767fe5db785be9a4aa9cb2 \
    --hash=sha256:d209d8969599b27ad20994c8e41936ee0964e6da07478d6c35016bc386b66ad4 \
    --hash=sha256:d5241e0a80d808d70546c697135da2c613f30e28251ff8307eb72ba696945764 \
    --hash=sha256:edd8b5fe47dab091176d21bb6de568acdd906d1887a4584a15a9a96a1dca06ef \
    --hash=sha256:f870204a840a60da0b12273ef34f7051e98c3b5961b61b0c2c1be6dfd64fbcd3 \
    --hash=sha256:ffa75af20b44f8dba823498024771d5ac50620e6915abac414251bd971b4529f
    # via
    #   boost-arena (pyproject.toml)
    #   ml-dtypes
    #   onnx
    #   onnxruntime
    #   rlgym-rocket-league
    #   rocketsim
onnx==1.19.0 ; python_full_version >= '3.13' \
    --hash=sha256:03086bffa1cf5837430cf92f892ca0cd28c72758d8905578c2bf8ffaf86c6743 \
    --hash=sha256:05b51d0d26d3de35bf596d262dcd1f7897051ac46903e091067c6bd38d6057a4 \
    --hash=sha256:1715b51eb0ab65272e34ef51cb34696160204b003566cd8aced2ad20a8f95cb8 \
    --hash=sha256:1ae475c85c89bc4d1f16571006fd21a3e7c0e258dd2c091f6e8aafb083d1ed9b \
    --hash=sha256:206f00c47b85b5c7af79671e3307147407991a17994c26974565aadc9e96e4e4 \
    --hash=sha256:224473354462f005bae985c72028aaa5c85ab11de1b71d55b06fdadd64a667dd \
    --hash=sha256:236bc0e60d7c0f4159300da639953dd2564df1c195bce01caba172a712e75af4 \
    --hash=sha256:23c7959370d7b3236f821e609b0af7763cff7672a758e6c1fc877bac099e786b \
    --hash=sha256:246f0de1345498d990a443d55a5b5af5101a3e25a05a2c3a5fe8b7bd7a7d0707 \
    --hash=sha256:323f6a96383a9cdb3960396cffea0a922593d221f3929b17312781e9f9b7fb9f \
    --hash=sha256:46cf29adea63e68be0403c68de45ba1b6acc9bb9592c5ddc8c13675a7c71f2cb \
    --hash=sha256:4d7bee94abaac28988b50da675ae99ef8dd3ce16210d591fbd0b214a5930beb3 \
    --hash=sha256:50220f3499a499b1a15e19451a678a58e22ad21b34edf2c844c6ef1d9febddc2 \
    --hash=sha256:61d94e6498ca636756f8f4ee2135708434601b2892b7c09536befb19bc8ca007 \
    --hash=sha256:68763888a9d70b92a9fa310bd90314cf8e75e76d78aac648e2c42634a506471a \
    --hash=sha256:6bf5acdb97a3ddd6e70747d50b371846c313952016d0c41133cbd8f61b71a8d5 \
    --hash=sha256:7730b96b68c0c354bbc7857961bb4909b9aaa171360a8e3708d0a4c749aaadeb \
    --hash=sha256:7c151604c7cca6ae26161c55923a7b9b559df3344938f93ea0074d2d49e7fe78 \
    --hash=sha256:7cb7a3ad8059d1a0dfdc5e0a98f71837d82002e441f112825403b137227c2c97 \
    --hash=sha256:82ae838c047278e78a9c17776343fc2eb0145ed586e1bc36fa2992c8669aee62 \
    --hash=sha256:89a9cefe75547aec14a796352c2243e36793bbbcb642d8897118595ab0c2395b \
    --hash=sha256:8b546bd7958734b6abcd40cfede3d025e9c274fd96334053a288ab11106bd0aa \
    --hash=sha256:8c60a957d972f79d614f8156a3a961ab635f8820d104b882a1ce81cdb9121935 \
    --hash=sha256:9aed51a4b01acc9ea4e0fe522f34b2220d59e9b2a47f105ac8787c2e13ec5111 \
    --hash=sha256:a16a82bfdf4738691c0a6eda5293928645ab8b180ab033df84080817660b5e66 \
    --hash=sha256:aa3f70b60f54a29015e41639298ace06adf1dd6b023b9b30f1bca91bb0db9473 \
    --hash=sha256:ae0d163ffbc250007d984b8dd692a4e2e4506151236b50ca6e3560b612ccf9ff \
    --hash=sha256:c6cdcb237c5c4202463bac50417c5a7f7092997a8469e8b7ffcd09f51de0f4a9 \
    --hash=sha256:ce2cdc3eb518bb832668c4ea9aeeda01fbaa59d3e8e5dfaf7aa00f3d37119404 \
    --hash=sha256:d75452a9be868bd30c3ef6aa5991df89bbfe53d0d90b2325c5e730fbd91fff85 \
    --hash=sha256:e927d745939d590f164e43c5aec7338c5a75855a15130ee795f492fc3a0fa565 \
    --hash=sha256:ed0b85a33deacb65baffe6ca4ce91adf2bb906fa2dee3856c3c94e163d2eb563 \
    --hash=sha256:ee3bbbe88644d2f6b2392d40f9aea42b149705b5b76bcbf5497eb8d01c1bda88 \
    --hash=sha256:efb768299580b786e21abe504e1652ae6189f0beed02ab087cd841cb4bb37e43
    # via boost-arena (pyproject.toml)
onnx==1.23.1 ; python_full_version < '3.13' \
    --hash=sha256:03192f2c890327331836019c90c1bff08137a40133ad118870ec96a8c6d1f045 \
    --hash=sha256:2f60fa87728e80abed9e590395fe14608f12c874df52ef8045fc1476b698cb27 \
    --hash=sha256:36222ab8359e41a0bea8547ad280075b13d1503831ff180ab76c7a61b4920f56 \
    --hash=sha256:392abcab682194e59035eeab82992c8b7626dbcb3f75da0a4a11aa60b2e17738 \
    --hash=sha256:3e6e4e5d8e1b4cc6df50fd3cf524deff8b5d07c6d8574abe641e44585a5d81fe \
    --hash=sha256:40ea7e62fb3d4f808900dbb0406ccf5ab1f1e757065a90f60710ecd937fb5de5 \
    --hash=sha256:43210324e7d0ee42140a247c5dc57c609773ee57096802dc5fefb6e52956d38f \
    --hash=sha256:4c299578f7ca0f8c2d60ee0b78c77c374ad8fdedb0da6960831d487d0754f222 \
    --hash=sha256:502f6d8d195fc8483316a571e0b387d22e335395816f39a2d33431f657ece394 \
    --hash=sha256:6c3e7de961b78b6e07db6bc36afdf387c6cd9b296d594672fbca55fe5cfbb5b5 \
    --hash=sha256:7a1de7765463c7baab9a102ca89bcfda833e8343c3b15ac535bc74c87d96b11e \
    --hash=sha256:7c5ddc009ca7e25b5ea33bee6e3425de349fda789cdb33c1c90d965d77f17520 \
    --hash=sha256:8333a5e345aafae021430fdbb6b33888c33e1d3f555234b8d29ab59a5c27b2b8 \
    --hash=sha256:841abf9ace04a31455909b2044418df4082e065863cfcaed74a64134a36676bb \
    --hash=sha256:92ec43ff621784487b43e5b3eeedba390071666bd5ad529b6d98416adef6a875 \
    --hash=sha256:a48c73b2cf396c530ef5a8ea64b2fa9b52d4246f14d0eb8f7dc67d6f7443a3d2 \
    --hash=sha256:c01ecbf23ed8d95c008be3cea01e6d29ffa8d5a2bc645e39f0886b7af31ed21b \
    --hash=sha256:c49a8eb0a4599d115a8dc5fa13b44571e3eca5a49d714f0be61f41a314f04811 \
    --hash=sha256:da598e449ef8d6cc4fa30c183f800e31ef4ed0ac078015a0e91e82f55d3b5619 \
    --hash=sha256:dc6085a10f4cb61d132f395535f7cf6399664b0f44dd2fcf144ce66b0f859c8d \
    --hash=sha256:e3ab8abe95c684e3fd0da67e19b99df38906706d5ac0f91839060fb658606696 \
    --hash=sha256:ef46bffa69629f90a64860c05d2258b6fff4052c07334f4fdd00b9d1a4c4b8e2 \
    --hash=sha256:f87ae6ba62e109ac9a1a87f69827ac77f27d0a7b53b38a37b5185eed509c1226 \
    --hash=sha256:f8ca511ad1949a1736456bdfc27b87ac45d3cdb2f568d3fb2646a85ca2ba4a8d
    # via boost-arena (pyproject.toml)
onnxruntime==1.30.0 \
    --hash=sha256:001ed726c9bd5e2bc92faade7d37d889e9606a350b7d5529f0227df2e3bb57fd \
    --hash=sha256:05e4fc41711d1f4abd19a9124b5be7a65a506cb2670a7f14b16162ef13c58134 \
    --hash=sha256:0edd0145a6e3fce8a1276491dc784d615e3c58bcb952c9b4e5c876d5c6a12ad7 \
    --hash=sha256:16506cfa5d218850f2b46e0edce1b952121f2f84f8e0074dafe15f4787f0c8fb \
    --hash=sha256:265de607ba6f9814264e1d5d413fa7069d70f48e3049b5e460b3b04bdfcef294 \
    --hash=sha256:3bdd1752a8502ac1a7ccc6e878d16db6943df574d54ed7f01058a6806ae05be4 \
    --hash=sha256:3f9e002417f1e3bbb31ed43dafa4f22ca1b2b68832244fdee192fcaa1ae19bca \
    --hash=sha256:4b63041bd623a9a9ac5e353948436c6fa7f43edd12d6b4a4ebc340bca959ba93 \
    --hash=sha256:5327cf6aa15a02bad805fac8bd6882a62571e8b72f6f2938a8f37e6bd1966ce9 \
    --hash=sha256:67ad7f03433b6462c627d0f555dece80e6a26bc71e8542ced35cebd32142d1b7 \
    --hash=sha256:6c32a000d5139a38ba9349030b0032e3331acb559d596b22738d9d2b343a2b83 \
    --hash=sha256:83d543843cbd352cfa9996a6c7b92f8a480f114a18f95ff2a1acaf6921e85b6d \
    --hash=sha256:86f940afc801ea9681a4da8af84fbe95e1d9ea7d80903952cc1bfad54faad38f \
    --hash=sha256:8b611d24db2954545ce6bd9acd4670183cb368e4642450de7a9ab6474eb374ec \
    --hash=sha256:8b6169c16a48429890d2f4a0c774ebf54dfe9066a998514aad0518a16d398547 \
    --hash=sha256:bac3aee7b40acd805659fd81a2acd6096312d5b0f014c97ddfe75fb4c1644627 \
    --hash=sha256:c389b6887fc95e0fcb80e89b156bc2cb18e662c29df55e9326fe64140e7d7b4f \
    --hash=sha256:d2184fddb6798136e7c478244391ca82443f5c757f59f15bb9e5ad2da5e03175 \
    --hash=sha256:dc4c706f1935ebb62356e6a095b047859badd854482c40560888e95c328ed262 \
    --hash=sha256:e5224ba2b00284cb1c48b3edcd303c109245d66df9ec1b861858fd6de672a38e \
    --hash=sha256:f3501472571f1b1eee50e017851e7929f5ea37312d2d8c2494a19e8fc58b4a38 \
    --hash=sha256:f36c87ec504f4f328e968ee322e4ba9682abe66280b3425625afcbed5333fed7 \
    --hash=sha256:fa688e7891a6aa206636fe7372e27ee75fd17713289f6b4fc7b190e0a7de9328 \
    --hash=sha256:fd54b314ea385bcecac69ab431f020ba503e3878dad4ebb645fec5a24b041242
    # via boost-arena (pyproject.toml)
packaging==26.3 \
    --hash=sha256:94edc256424af38762eb31306eed28beb9f0efc50a8837492c9d6fd6004aed79 \
    --hash=sha256:d7193f7c8e4e93f444fde0262bf90af30e16fa0ad0ad44cb553c87339b23cd1c
    # via onnxruntime
protobuf==7.36.2 \
    --hash=sha256:497d0463ff3316681da6c0b9e8d06cb465d61abce00b613ab42226175644d1bb \
    --hash=sha256:89f23aa53c24553a2416fd4fd1ec06f74fa42b14b546d8883128813f775bbfd2 \
    --hash=sha256:912c1221170e16c08d1f086762f563dd61ff83c18b5fa6652952dfaded66f728 \
    --hash=sha256:a300819d441e078a5608c0d3c709796bb548136058fda017ae51d425b44fd353 \
    --hash=sha256:bdb3a345d48db958e6ce1f18e508beb0cc981d64f24088427549c866cd039f1e \
    --hash=sha256:cbc70b17ee27e28894c7fee8bb04be1abead49e936bc70eb60052531eee2079e \
    --hash=sha256:e11e1f0180583a2af89db6a2ecd9e8dc40aa6d2988ca175bfd0e6d12ea72d74e \
    --hash=sha256:f4fee11ec330d238b34a05c9b675f693c20415d1c5bd7d5320cc2f8a798eb9cf
    # via
    #   onnx
    #   onnxruntime
pycparser==3.0 ; implementation_name != 'PyPy' and platform_python_implementation != 'PyPy' \
    --hash=sha256:600f49d217304a5902ac3c37e1281c9fe94e4d0489de643a9504c5cdfdfc6b29 \
    --hash=sha256:b727414169a36b7d524c1c3e31839a521725078d7b2ff038656844266160a992
    # via cffi
rlgym-api==2.0.0 \
    --hash=sha256:f1ac4ac742dd93bb7fe8c08c2af2a5b11320ff5eec2936650febb2f7baf24c83
    # via rlgym-rocket-league
rlgym-rocket-league==2.0.1 \
    --hash=sha256:3be8e9d2f1cfb6514e0e3d455fb33ff95e26eb7c399f819fff0258025cf4d501
    # via boost-arena (pyproject.toml)
rocketsim==2.2.1 \
    --hash=sha256:2f9518e9895447d2480680b7825866e881981102c66365c1d9fea62589a0dd9d \
    --hash=sha256:b244a9c0070a43c746d522f8286efa0ddff703ddc8e45caa6e182d352953254a \
    --hash=sha256:e5a8bce3883e0f11a75b9bb23600ca7465ef9a455862985da355857f2cb0d9c3 \
    --hash=sha256:ea2fac9d1b5dec59fe394a1ce1fdc704fc60601d506bb0adbc839b6a76cf4840
    # via
    #   boost-arena (pyproject.toml)
    #   rlgym-rocket-league
typing-extensions==4.16.0 \
    --hash=sha256:481caa481374e813c1b176ada14e97f1f67a4539ce9cfeb3f350d78d6370c2e8 \
    --hash=sha256:dc983d19a509c94dba722ee6abd33940f7c05a89e243c47e907eb4db6f1a43e5
    # via onnx
